
Microsoft Visual Studio Solution File, Format Version 12.00
# Visual Studio Version 16
VisualStudioVersion = 16.0.31624.102
MinimumVisualStudioVersion = 10.0.40219.1
Project("{FAE04EC0-301F-11D3-BF4B-00C04F79EFBC}") = "DelLambdaEg", "DelLambdaEg.csproj", "{62C29373-8440-4847-9D21-6653D550EC60}"
EndProject
Global
	GlobalSection(SolutionConfigurationPlatforms) = preSolution
		Debug|Any CPU = Debug|Any CPU
		Release|Any CPU = Release|Any CPU
	EndGlobalSection
	GlobalSection(ProjectConfigurationPlatforms) = postSolution
		{62C29373-8440-4847-9D21-6653D550EC60}.Debug|Any CPU.ActiveCfg = Debug|Any CPU
		{62C29373-8440-4847-9D21-6653D550EC60}.Debug|Any CPU.Build.0 = Debug|Any CPU
		{62C29373-8440-4847-9D21-6653D550EC60}.Release|Any CPU.ActiveCfg = Release|Any CPU
		{62C29373-8440-4847-9D21-6653D550EC60}.Release|Any CPU.Build.0 = Release|Any CPU
	EndGlobalSection
	GlobalSection(SolutionProperties) = preSolution
		HideSolutionNode = FALSE
	EndGlobalSection
	GlobalSection(ExtensibilityGlobals) = postSolution
		SolutionGuid = {C2075A1C-3A70-4964-9DFB-365DBC7E74C5}
	EndGlobalSection
EndGlobal
